
Microsoft Visual Studio Solution File, Format Version 12.00
# Visual Studio Version 17
VisualStudioVersion = 17.8.34525.116
MinimumVisualStudioVersion = 10.0.40219.1
Project("{9A19103F-16F7-4668-BE54-9A1E7A4F7556}") = "EmpiriaBMS.Models", "EmpiriaBMS.Models\EmpiriaBMS.Models.csproj", "{7680E8C4-9135-46AB-A233-5BFE7673822E}"
EndProject
Project("{9A19103F-16F7-4668-BE54-9A1E7A4F7556}") = "EmpiriaBMS.EF.CLI", "EmpiriaBMS.EF.CLI\EmpiriaBMS.EF.CLI.csproj", "{9F308BBE-7BF6-4A5B-AFD5-C32BD45BC999}"
	ProjectSection(ProjectDependencies) = postProject
		{7680E8C4-9135-46AB-A233-5BFE7673822E} = {7680E8C4-9135-46AB-A233-5BFE7673822E}
	EndProjectSection
EndProject
Project("{9A19103F-16F7-4668-BE54-9A1E7A4F7556}") = "EmpiriaBMS.Core", "EmpiriaBMS.Core\EmpiriaBMS.Core.csproj", "{1A6D5BBF-E646-47A2-B73D-D144149BE448}"
EndProject
Project("{9A19103F-16F7-4668-BE54-9A1E7A4F7556}") = "EmpiriaBMS.Front", "EmpiriaBMS.Front\EmpiriaBMS.Front.csproj", "{B11BEF14-13ED-437A-A4C3-F6B331BED28F}"
EndProject
Project("{2150E333-8FDC-42A3-9474-1A3956D46DE8}") = "Solution Items", "Solution Items", "{EF5AF0EF-CBA6-425C-891C-2162FE8B3B17}"
	ProjectSection(SolutionItems) = preProject
		.dockerignore = .dockerignore
		.gitignore = .gitignore
		.github\workflows\azure-kubernetes-service-kustomize.yml = .github\workflows\azure-kubernetes-service-kustomize.yml
		.github\workflows\Dev.yaml = .github\workflows\Dev.yaml
		docker-compose.yml = docker-compose.yml
		Dockerfile = Dockerfile
	EndProjectSection
EndProject
Global
	GlobalSection(SolutionConfigurationPlatforms) = preSolution
		Debug|Any CPU = Debug|Any CPU
		Release|Any CPU = Release|Any CPU
		Staging|Any CPU = Staging|Any CPU
	EndGlobalSection
	GlobalSection(ProjectConfigurationPlatforms) = postSolution
		{7680E8C4-9135-46AB-A233-5BFE7673822E}.Debug|Any CPU.ActiveCfg = Debug|Any CPU
		{7680E8C4-9135-46AB-A233-5BFE7673822E}.Debug|Any CPU.Build.0 = Debug|Any CPU
		{7680E8C4-9135-46AB-A233-5BFE7673822E}.Release|Any CPU.ActiveCfg = Release|Any CPU
		{7680E8C4-9135-46AB-A233-5BFE7673822E}.Release|Any CPU.Build.0 = Release|Any CPU
		{7680E8C4-9135-46AB-A233-5BFE7673822E}.Staging|Any CPU.ActiveCfg = Staging|Any CPU
		{7680E8C4-9135-46AB-A233-5BFE7673822E}.Staging|Any CPU.Build.0 = Staging|Any CPU
		{9F308BBE-7BF6-4A5B-AFD5-C32BD45BC999}.Debug|Any CPU.ActiveCfg = Debug|Any CPU
		{9F308BBE-7BF6-4A5B-AFD5-C32BD45BC999}.Debug|Any CPU.Build.0 = Debug|Any CPU
		{9F308BBE-7BF6-4A5B-AFD5-C32BD45BC999}.Release|Any CPU.ActiveCfg = Release|Any CPU
		{9F308BBE-7BF6-4A5B-AFD5-C32BD45BC999}.Release|Any CPU.Build.0 = Release|Any CPU
		{9F308BBE-7BF6-4A5B-AFD5-C32BD45BC999}.Staging|Any CPU.ActiveCfg = Staging|Any CPU
		{9F308BBE-7BF6-4A5B-AFD5-C32BD45BC999}.Staging|Any CPU.Build.0 = Staging|Any CPU
		{1A6D5BBF-E646-47A2-B73D-D144149BE448}.Debug|Any CPU.ActiveCfg = Debug|Any CPU
		{1A6D5BBF-E646-47A2-B73D-D144149BE448}.Debug|Any CPU.Build.0 = Debug|Any CPU
		{1A6D5BBF-E646-47A2-B73D-D144149BE448}.Release|Any CPU.ActiveCfg = Release|Any CPU
		{1A6D5BBF-E646-47A2-B73D-D144149BE448}.Release|Any CPU.Build.0 = Release|Any CPU
		{1A6D5BBF-E646-47A2-B73D-D144149BE448}.Staging|Any CPU.ActiveCfg = Staging|Any CPU
		{1A6D5BBF-E646-47A2-B73D-D144149BE448}.Staging|Any CPU.Build.0 = Staging|Any CPU
		{B11BEF14-13ED-437A-A4C3-F6B331BED28F}.Debug|Any CPU.ActiveCfg = Debug|Any CPU
		{B11BEF14-13ED-437A-A4C3-F6B331BED28F}.Debug|Any CPU.Build.0 = Debug|Any CPU
		{B11BEF14-13ED-437A-A4C3-F6B331BED28F}.Debug|Any CPU.Deploy.0 = Debug|Any CPU
		{B11BEF14-13ED-437A-A4C3-F6B331BED28F}.Release|Any CPU.ActiveCfg = Release|Any CPU
		{B11BEF14-13ED-437A-A4C3-F6B331BED28F}.Release|Any CPU.Build.0 = Release|Any CPU
		{B11BEF14-13ED-437A-A4C3-F6B331BED28F}.Release|Any CPU.Deploy.0 = Release|Any CPU
		{B11BEF14-13ED-437A-A4C3-F6B331BED28F}.Staging|Any CPU.ActiveCfg = Staging|Any CPU
		{B11BEF14-13ED-437A-A4C3-F6B331BED28F}.Staging|Any CPU.Build.0 = Staging|Any CPU
		{B11BEF14-13ED-437A-A4C3-F6B331BED28F}.Staging|Any CPU.Deploy.0 = Staging|Any CPU
	EndGlobalSection
	GlobalSection(SolutionProperties) = preSolution
		HideSolutionNode = FALSE
	EndGlobalSection
	GlobalSection(ExtensibilityGlobals) = postSolution
		SolutionGuid = {8BA6E349-D9DC-4FDD-AC70-0BB8DC94099B}
	EndGlobalSection
EndGlobal
